
Microsoft Visual Studio Solution File, Format Version 12.00
# Visual Studio Version 17
VisualStudioVersion = 17.8.34316.72
MinimumVisualStudioVersion = 10.0.40219.1
Project("{FAE04EC0-301F-11D3-BF4B-00C04F79EFBC}") = "SSHFileManager", "SSHFileManager\SSHFileManager.csproj", "{5AC29075-652A-4794-BADA-6AE678B4590C}"
EndProject
Global
	GlobalSection(SolutionConfigurationPlatforms) = preSolution
		Debug|Any CPU = Debug|Any CPU
		Release|Any CPU = Release|Any CPU
	EndGlobalSection
	GlobalSection(ProjectConfigurationPlatforms) = postSolution
		{5AC29075-652A-4794-BADA-6AE678B4590C}.Debug|Any CPU.ActiveCfg = Debug|Any CPU
		{5AC29075-652A-4794-BADA-6AE678B4590C}.Debug|Any CPU.Build.0 = Debug|Any CPU
		{5AC29075-652A-4794-BADA-6AE678B4590C}.Release|Any CPU.ActiveCfg = Release|Any CPU
		{5AC29075-652A-4794-BADA-6AE678B4590C}.Release|Any CPU.Build.0 = Release|Any CPU
	EndGlobalSection
	GlobalSection(SolutionProperties) = preSolution
		HideSolutionNode = FALSE
	EndGlobalSection
	GlobalSection(ExtensibilityGlobals) = postSolution
		SolutionGuid = {B3A8402B-84B8-4542-9C53-FB2F0AFEB32C}
	EndGlobalSection
EndGlobal
